
Microsoft Visual Studio Solution File, Format Version 12.00
# Visual Studio Version 17
VisualStudioVersion = 17.14.36623.8
MinimumVisualStudioVersion = 10.0.40219.1
Project("{FAE04EC0-301F-11D3-BF4B-00C04F79EFBC}") = "NorkysAPI", "NorkysAPI.csproj", "{665A665A-E84C-4840-A958-1AEC4251C13D}"
EndProject
Project("{FAE04EC0-301F-11D3-BF4B-00C04F79EFBC}") = "WebAPINorkys", "..\WebAPINorkys\WebAPINorkys.csproj", "{49444FAA-D9BB-F16A-63CB-3C02A2937910}"
EndProject
Global
	GlobalSection(SolutionConfigurationPlatforms) = preSolution
		Debug|Any CPU = Debug|Any CPU
		Release|Any CPU = Release|Any CPU
	EndGlobalSection
	GlobalSection(ProjectConfigurationPlatforms) = postSolution
		{665A665A-E84C-4840-A958-1AEC4251C13D}.Debug|Any CPU.ActiveCfg = Debug|Any CPU
		{665A665A-E84C-4840-A958-1AEC4251C13D}.Debug|Any CPU.Build.0 = Debug|Any CPU
		{665A665A-E84C-4840-A958-1AEC4251C13D}.Release|Any CPU.ActiveCfg = Release|Any CPU
		{665A665A-E84C-4840-A958-1AEC4251C13D}.Release|Any CPU.Build.0 = Release|Any CPU
		{49444FAA-D9BB-F16A-63CB-3C02A2937910}.Debug|Any CPU.ActiveCfg = Debug|Any CPU
		{49444FAA-D9BB-F16A-63CB-3C02A2937910}.Debug|Any CPU.Build.0 = Debug|Any CPU
		{49444FAA-D9BB-F16A-63CB-3C02A2937910}.Release|Any CPU.ActiveCfg = Release|Any CPU
		{49444FAA-D9BB-F16A-63CB-3C02A2937910}.Release|Any CPU.Build.0 = Release|Any CPU
	EndGlobalSection
	GlobalSection(SolutionProperties) = preSolution
		HideSolutionNode = FALSE
	EndGlobalSection
	GlobalSection(ExtensibilityGlobals) = postSolution
		SolutionGuid = {5D43BBA8-99C5-4860-8A2B-EDA9722FF7BA}
	EndGlobalSection
EndGlobal
